// !$*UTF8*$!
{
	archiveVersion = 1;
	classes = {
	};
	objectVersion = 56;
	objects = {

/* Begin PBXBuildFile section */
		D80ECAD72D1327E90035F49A /* aoun3App.swift in Sources */ = {isa = PBXBuildFile; fileRef = D80ECAD62D1327E90035F49A /* aoun3App.swift */; };
		D80ECAD92D1327E90035F49A /* ContentView.swift in Sources */ = {isa = PBXBuildFile; fileRef = D80ECAD82D1327E90035F49A /* ContentView.swift */; };
		D80ECADB2D1327EA0035F49A /* Assets.xcassets in Resources */ = {isa = PBXBuildFile; fileRef = D80ECADA2D1327EA0035F49A /* Assets.xcassets */; };
		D80ECADE2D1327EA0035F49A /* Preview Assets.xcassets in Resources */ = {isa = PBXBuildFile; fileRef = D80ECADD2D1327EA0035F49A /* Preview Assets.xcassets */; };
		D80ECAE82D1327EA0035F49A /* aoun3Tests.swift in Sources */ = {isa = PBXBuildFile; fileRef = D80ECAE72D1327EA0035F49A /* aoun3Tests.swift */; };
		D80ECAF22D1327EA0035F49A /* aoun3UITests.swift in Sources */ = {isa = PBXBuildFile; fileRef = D80ECAF12D1327EA0035F49A /* aoun3UITests.swift */; };
		D80ECAF42D1327EA0035F49A /* aoun3UITestsLaunchTests.swift in Sources */ = {isa = PBXBuildFile; fileRef = D80ECAF32D1327EA0035F49A /* aoun3UITestsLaunchTests.swift */; };
/* End PBXBuildFile section */

/* Begin PBXContainerItemProxy section */
		D80ECAE42D1327EA0035F49A /* PBXContainerItemProxy */ = {
			isa = PBXContainerItemProxy;
			containerPortal = D80ECACB2D1327E90035F49A /* Project object */;
			proxyType = 1;
			remoteGlobalIDString = D80ECAD22D1327E90035F49A;
			remoteInfo = aoun3;
		};
		D80ECAEE2D1327EA0035F49A /* PBXContainerItemProxy */ = {
			isa = PBXContainerItemProxy;
			containerPortal = D80ECACB2D1327E90035F49A /* Project object */;
			proxyType = 1;
			remoteGlobalIDString = D80ECAD22D1327E90035F49A;
			remoteInfo = aoun3;
		};
/* End PBXContainerItemProxy section */

/* Begin PBXFileReference section */
		D80ECAD32D1327E90035F49A /* aoun3.app */ = {isa = PBXFileReference; explicitFileType = wrapper.application; includeInIndex = 0; path = aoun3.app; sourceTree = BUILT_PRODUCTS_DIR; };
		D80ECAD62D1327E90035F49A /* aoun3App.swift */ = {isa = PBXFileReference; lastKnownFileType = sourcecode.swift; path = aoun3App.swift; sourceTree = "<group>"; };
		D80ECAD82D1327E90035F49A /* ContentView.swift */ = {isa = PBXFileReference; lastKnownFileType = sourcecode.swift; path = ContentView.swift; sourceTree = "<group>"; };
		D80ECADA2D1327EA0035F49A /* Assets.xcassets */ = {isa = PBXFileReference; lastKnownFileType = folder.assetcatalog; path = Assets.xcassets; sourceTree = "<group>"; };
		D80ECADD2D1327EA0035F49A /* Preview Assets.xcassets */ = {isa = PBXFileReference; lastKnownFileType = folder.assetcatalog; path = "Preview Assets.xcassets"; sourceTree = "<group>"; };
		D80ECAE32D1327EA0035F49A /* aoun3Tests.xctest */ = {isa = PBXFileReference; explicitFileType = wrapper.cfbundle; includeInIndex = 0; path = aoun3Tests.xctest; sourceTree = BUILT_PRODUCTS_DIR; };
		D80ECAE72D1327EA0035F49A /* aoun3Tests.swift */ = {isa = PBXFileReference; lastKnownFileType = sourcecode.swift; path = aoun3Tests.swift; sourceTree = "<group>"; };
		D80ECAED2D1327EA0035F49A /* aoun3UITests.xctest */ = {isa = PBXFileReference; explicitFileType = wrapper.cfbundle; includeInIndex = 0; path = aoun3UITests.xctest; sourceTree = BUILT_PRODUCTS_DIR; };
		D80ECAF12D1327EA0035F49A /* aoun3UITests.swift */ = {isa = PBXFileReference; lastKnownFileType = sourcecode.swift; path = aoun3UITests.swift; sourceTree = "<group>"; };
		D80ECAF32D1327EA0035F49A /* aoun3UITestsLaunchTests.swift */ = {isa = PBXFileReference; lastKnownFileType = sourcecode.swift; path = aoun3UITestsLaunchTests.swift; sourceTree = "<group>"; };
/* End PBXFileReference section */

/* Begin PBXFrameworksBuildPhase section */
		D80ECAD02D1327E90035F49A /* Frameworks */ = {
			isa = PBXFrameworksBuildPhase;
			buildActionMask = 2147483647;
			files = (
			);
			runOnlyForDeploymentPostprocessing = 0;
		};
		D80ECAE02D1327EA0035F49A /* Frameworks */ = {
			isa = PBXFrameworksBuildPhase;
			buildActionMask = 2147483647;
			files = (
			);
			runOnlyForDeploymentPostprocessing = 0;
		};
		D80ECAEA2D1327EA0035F49A /* Frameworks */ = {
			isa = PBXFrameworksBuildPhase;
			buildActionMask = 2147483647;
			files = (
			);
			runOnlyForDeploymentPostprocessing = 0;
		};
/* End PBXFrameworksBuildPhase section */

/* Begin PBXGroup section */
		D80ECACA2D1327E90035F49A = {
			isa = PBXGroup;
			children = (
				D80ECAD52D1327E90035F49A /* aoun3 */,
				D80ECAE62D1327EA0035F49A /* aoun3Tests */,
				D80ECAF02D1327EA0035F49A /* aoun3UITests */,
				D80ECAD42D1327E90035F49A /* Products */,
			);
			sourceTree = "<group>";
		};
		D80ECAD42D1327E90035F49A /* Products */ = {
			isa = PBXGroup;
			children = (
				D80ECAD32D1327E90035F49A /* aoun3.app */,
				D80ECAE32D1327EA0035F49A /* aoun3Tests.xctest */,
				D80ECAED2D1327EA0035F49A /* aoun3UITests.xctest */,
			);
			name = Products;
			sourceTree = "<group>";
		};
		D80ECAD52D1327E90035F49A /* aoun3 */ = {
			isa = PBXGroup;
			children = (
				D80ECAD62D1327E90035F49A /* aoun3App.swift */,
				D80ECAD82D1327E90035F49A /* ContentView.swift */,
				D80ECADA2D1327EA0035F49A /* Assets.xcassets */,
				D80ECADC2D1327EA0035F49A /* Preview Content */,
			);
			path = aoun3;
			sourceTree = "<group>";
		};
		D80ECADC2D1327EA0035F49A /* Preview Content */ = {
			isa = PBXGroup;
			children = (
				D80ECADD2D1327EA0035F49A /* Preview Assets.xcassets */,
			);
			path = "Preview Content";
			sourceTree = "<group>";
		};
		D80ECAE62D1327EA0035F49A /* aoun3Tests */ = {
			isa = PBXGroup;
			children = (
				D80ECAE72D1327EA0035F49A /* aoun3Tests.swift */,
			);
			path = aoun3Tests;
			sourceTree = "<group>";
		};
		D80ECAF02D1327EA0035F49A /* aoun3UITests */ = {
			isa = PBXGroup;
			children = (
				D80ECAF12D1327EA0035F49A /* aoun3UITests.swift */,
				D80ECAF32D1327EA0035F49A /* aoun3UITestsLaunchTests.swift */,
			);
			path = aoun3UITests;
			sourceTree = "<group>";
		};
/* End PBXGroup section */

/* Begin PBXNativeTarget section */
		D80ECAD22D1327E90035F49A /* aoun3 */ = {
			isa = PBXNativeTarget;
			buildConfigurationList = D80ECAF72D1327EA0035F49A /* Build configuration list for PBXNativeTarget "aoun3" */;
			buildPhases = (
				D80ECACF2D1327E90035F49A /* Sources */,
				D80ECAD02D1327E90035F49A /* Frameworks */,
				D80ECAD12D1327E90035F49A /* Resources */,
			);
			buildRules = (
			);
			dependencies = (
			);
			name = aoun3;
			productName = aoun3;
			productReference = D80ECAD32D1327E90035F49A /* aoun3.app */;
			productType = "com.apple.product-type.application";
		};
		D80ECAE22D1327EA0035F49A /* aoun3Tests */ = {
			isa = PBXNativeTarget;
			buildConfigurationList = D80ECAFA2D1327EA0035F49A /* Build configuration list for PBXNativeTarget "aoun3Tests" */;
			buildPhases = (
				D80ECADF2D1327EA0035F49A /* Sources */,
				D80ECAE02D1327EA0035F49A /* Frameworks */,
				D80ECAE12D1327EA0035F49A /* Resources */,
			);
			buildRules = (
			);
			dependencies = (
				D80ECAE52D1327EA0035F49A /* PBXTargetDependency */,
			);
			name = aoun3Tests;
			productName = aoun3Tests;
			productReference = D80ECAE32D1327EA0035F49A /* aoun3Tests.xctest */;
			productType = "com.apple.product-type.bundle.unit-test";
		};
		D80ECAEC2D1327EA0035F49A /* aoun3UITests */ = {
			isa = PBXNativeTarget;
			buildConfigurationList = D80ECAFD2D1327EA0035F49A /* Build configuration list for PBXNativeTarget "aoun3UITests" */;
			buildPhases = (
				D80ECAE92D1327EA0035F49A /* Sources */,
				D80ECAEA2D1327EA0035F49A /* Frameworks */,
				D80ECAEB2D1327EA0035F49A /* Resources */,
			);
			buildRules = (
			);
			dependencies = (
				D80ECAEF2D1327EA0035F49A /* PBXTargetDependency */,
			);
			name = aoun3UITests;
			productName = aoun3UITests;
			productReference = D80ECAED2D1327EA0035F49A /* aoun3UITests.xctest */;
			productType = "com.apple.product-type.bundle.ui-testing";
		};
/* End PBXNativeTarget section */

/* Begin PBXProject section */
		D80ECACB2D1327E90035F49A /* Project object */ = {
			isa = PBXProject;
			attributes = {
				BuildIndependentTargetsInParallel = 1;
				LastSwiftUpdateCheck = 1540;
				LastUpgradeCheck = 1540;
				TargetAttributes = {
					D80ECAD22D1327E90035F49A = {
						CreatedOnToolsVersion = 15.4;
					};
					D80ECAE22D1327EA0035F49A = {
						CreatedOnToolsVersion = 15.4;
						TestTargetID = D80ECAD22D1327E90035F49A;
					};
					D80ECAEC2D1327EA0035F49A = {
						CreatedOnToolsVersion = 15.4;
						TestTargetID = D80ECAD22D1327E90035F49A;
					};
				};
			};
			buildConfigurationList = D80ECACE2D1327E90035F49A /* Build configuration list for PBXProject "aoun3" */;
			compatibilityVersion = "Xcode 14.0";
			developmentRegion = en;
			hasScannedForEncodings = 0;
			knownRegions = (
				en,
				Base,
			);
			mainGroup = D80ECACA2D1327E90035F49A;
			productRefGroup = D80ECAD42D1327E90035F49A /* Products */;
			projectDirPath = "";
			projectRoot = "";
			targets = (
				D80ECAD22D1327E90035F49A /* aoun3 */,
				D80ECAE22D1327EA0035F49A /* aoun3Tests */,
				D80ECAEC2D1327EA0035F49A /* aoun3UITests */,
			);
		};
/* End PBXProject section */

/* Begin PBXResourcesBuildPhase section */
		D80ECAD12D1327E90035F49A /* Resources */ = {
			isa = PBXResourcesBuildPhase;
			buildActionMask = 2147483647;
			files = (
				D80ECADE2D1327EA0035F49A /* Preview Assets.xcassets in Resources */,
				D80ECADB2D1327EA0035F49A /* Assets.xcassets in Resources */,
			);
			runOnlyForDeploymentPostprocessing = 0;
		};
		D80ECAE12D1327EA0035F49A /* Resources */ = {
			isa = PBXResourcesBuildPhase;
			buildActionMask = 2147483647;
			files = (
			);
			runOnlyForDeploymentPostprocessing = 0;
		};
		D80ECAEB2D1327EA0035F49A /* Resources */ = {
			isa = PBXResourcesBuildPhase;
			buildActionMask = 2147483647;
			files = (
			);
			runOnlyForDeploymentPostprocessing = 0;
		};
/* End PBXResourcesBuildPhase section */

/* Begin PBXSourcesBuildPhase section */
		D80ECACF2D1327E90035F49A /* Sources */ = {
			isa = PBXSourcesBuildPhase;
			buildActionMask = 2147483647;
			files = (
				D80ECAD92D1327E90035F49A /* ContentView.swift in Sources */,
				D80ECAD72D1327E90035F49A /* aoun3App.swift in Sources */,
			);
			runOnlyForDeploymentPostprocessing = 0;
		};
		D80ECADF2D1327EA0035F49A /* Sources */ = {
			isa = PBXSourcesBuildPhase;
			buildActionMask = 2147483647;
			files = (
				D80ECAE82D1327EA0035F49A /* aoun3Tests.swift in Sources */,
			);
			runOnlyForDeploymentPostprocessing = 0;
		};
		D80ECAE92D1327EA0035F49A /* Sources */ = {
			isa = PBXSourcesBuildPhase;
			buildActionMask = 2147483647;
			files = (
				D80ECAF22D1327EA0035F49A /* aoun3UITests.swift in Sources */,
				D80ECAF42D1327EA0035F49A /* aoun3UITestsLaunchTests.swift in Sources */,
			);
			runOnlyForDeploymentPostprocessing = 0;
		};
/* End PBXSourcesBuildPhase section */

/* Begin PBXTargetDependency section */
		D80ECAE52D1327EA0035F49A /* PBXTargetDependency */ = {
			isa = PBXTargetDependency;
			target = D80ECAD22D1327E90035F49A /* aoun3 */;
			targetProxy = D80ECAE42D1327EA0035F49A /* PBXContainerItemProxy */;
		};
		D80ECAEF2D1327EA0035F49A /* PBXTargetDependency */ = {
			isa = PBXTargetDependency;
			target = D80ECAD22D1327E90035F49A /* aoun3 */;
			targetProxy = D80ECAEE2D1327EA0035F49A /* PBXContainerItemProxy */;
		};
/* End PBXTargetDependency section */

/* Begin XCBuildConfiguration section */
		D80ECAF52D1327EA0035F49A /* Debug */ = {
			isa = XCBuildConfiguration;
			buildSettings = {
				ALWAYS_SEARCH_USER_PATHS = NO;
				ASSETCATALOG_COMPILER_GENERATE_SWIFT_ASSET_SYMBOL_EXTENSIONS = YES;
				CLANG_ANALYZER_NONNULL = YES;
				CLANG_ANALYZER_NUMBER_OBJECT_CONVERSION = YES_AGGRESSIVE;
				CLANG_CXX_LANGUAGE_STANDARD = "gnu++20";
				CLANG_ENABLE_MODULES = YES;
				CLANG_ENABLE_OBJC_ARC = YES;
				CLANG_ENABLE_OBJC_WEAK = YES;
				CLANG_WARN_BLOCK_CAPTURE_AUTORELEASING = YES;
				CLANG_WARN_BOOL_CONVERSION = YES;
				CLANG_WARN_COMMA = YES;
				CLANG_WARN_CONSTANT_CONVERSION = YES;
				CLANG_WARN_DEPRECATED_OBJC_IMPLEMENTATIONS = YES;
				CLANG_WARN_DIRECT_OBJC_ISA_USAGE = YES_ERROR;
				CLANG_WARN_DOCUMENTATION_COMMENTS = YES;
				CLANG_WARN_EMPTY_BODY = YES;
				CLANG_WARN_ENUM_CONVERSION = YES;
				CLANG_WARN_INFINITE_RECURSION = YES;
				CLANG_WARN_INT_CONVERSION = YES;
				CLANG_WARN_NON_LITERAL_NULL_CONVERSION = YES;
				CLANG_WARN_OBJC_IMPLICIT_RETAIN_SELF = YES;
				CLANG_WARN_OBJC_LITERAL_CONVERSION = YES;
				CLANG_WARN_OBJC_ROOT_CLASS = YES_ERROR;
				CLANG_WARN_QUOTED_INCLUDE_IN_FRAMEWORK_HEADER = YES;
				CLANG_WARN_RANGE_LOOP_ANALYSIS = YES;
				CLANG_WARN_STRICT_PROTOTYPES = YES;
				CLANG_WARN_SUSPICIOUS_MOVE = YES;
				CLANG_WARN_UNGUARDED_AVAILABILITY = YES_AGGRESSIVE;
				CLANG_WARN_UNREACHABLE_CODE = YES;
				CLANG_WARN__DUPLICATE_METHOD_MATCH = YES;
				COPY_PHASE_STRIP = NO;
				DEBUG_INFORMATION_FORMAT = dwarf;
				ENABLE_STRICT_OBJC_MSGSEND = YES;
				ENABLE_TESTABILITY = YES;
				ENABLE_USER_SCRIPT_SANDBOXING = YES;
				GCC_C_LANGUAGE_STANDARD = gnu17;
				GCC_DYNAMIC_NO_PIC = NO;
				GCC_NO_COMMON_BLOCKS = YES;
				GCC_OPTIMIZATION_LEVEL = 0;
				GCC_PREPROCESSOR_DEFINITIONS = (
					"DEBUG=1",
					"$(inherited)",
				);
				GCC_WARN_64_TO_32_BIT_CONVERSION = YES;
				GCC_WARN_ABOUT_RETURN_TYPE = YES_ERROR;
				GCC_WARN_UNDECLARED_SELECTOR = YES;
				GCC_WARN_UNINITIALIZED_AUTOS = YES_AGGRESSIVE;
				GCC_WARN_UNUSED_FUNCTION = YES;
				GCC_WARN_UNUSED_VARIABLE = YES;
				IPHONEOS_DEPLOYMENT_TARGET = 17.5;
				LOCALIZATION_PREFERS_STRING_CATALOGS = YES;
				MTL_ENABLE_DEBUG_INFO = INCLUDE_SOURCE;
				MTL_FAST_MATH = YES;
				ONLY_ACTIVE_ARCH = YES;
				SDKROOT = iphoneos;
				SWIFT_ACTIVE_COMPILATION_CONDITIONS = "DEBUG $(inherited)";
				SWIFT_OPTIMIZATION_LEVEL = "-Onone";
			};
			name = Debug;
		};
		D80ECAF62D1327EA0035F49A /* Release */ = {
			isa = XCBuildConfiguration;
			buildSettings = {
				ALWAYS_SEARCH_USER_PATHS = NO;
				ASSETCATALOG_COMPILER_GENERATE_SWIFT_ASSET_SYMBOL_EXTENSIONS = YES;
				CLANG_ANALYZER_NONNULL = YES;
				CLANG_ANALYZER_NUMBER_OBJECT_CONVERSION = YES_AGGRESSIVE;
				CLANG_CXX_LANGUAGE_STANDARD = "gnu++20";
				CLANG_ENABLE_MODULES = YES;
				CLANG_ENABLE_OBJC_ARC = YES;
				CLANG_ENABLE_OBJC_WEAK = YES;
				CLANG_WARN_BLOCK_CAPTURE_AUTORELEASING = YES;
				CLANG_WARN_BOOL_CONVERSION = YES;
				CLANG_WARN_COMMA = YES;
				CLANG_WARN_CONSTANT_CONVERSION = YES;
				CLANG_WARN_DEPRECATED_OBJC_IMPLEMENTATIONS = YES;
				CLANG_WARN_DIRECT_OBJC_ISA_USAGE = YES_ERROR;
				CLANG_WARN_DOCUMENTATION_COMMENTS = YES;
				CLANG_WARN_EMPTY_BODY = YES;
				CLANG_WARN_ENUM_CONVERSION = YES;
				CLANG_WARN_INFINITE_RECURSION = YES;
				CLANG_WARN_INT_CONVERSION = YES;
				CLANG_WARN_NON_LITERAL_NULL_CONVERSION = YES;
				CLANG_WARN_OBJC_IMPLICIT_RETAIN_SELF = YES;
				CLANG_WARN_OBJC_LITERAL_CONVERSION = YES;
				CLANG_WARN_OBJC_ROOT_CLASS = YES_ERROR;
				CLANG_WARN_QUOTED_INCLUDE_IN_FRAMEWORK_HEADER = YES;
				CLANG_WARN_RANGE_LOOP_ANALYSIS = YES;
				CLANG_WARN_STRICT_PROTOTYPES = YES;
				CLANG_WARN_SUSPICIOUS_MOVE = YES;
				CLANG_WARN_UNGUARDED_AVAILABILITY = YES_AGGRESSIVE;
				CLANG_WARN_UNREACHABLE_CODE = YES;
				CLANG_WARN__DUPLICATE_METHOD_MATCH = YES;
				COPY_PHASE_STRIP = NO;
				DEBUG_INFORMATION_FORMAT = "dwarf-with-dsym";
				ENABLE_NS_ASSERTIONS = NO;
				ENABLE_STRICT_OBJC_MSGSEND = YES;
				ENABLE_USER_SCRIPT_SANDBOXING = YES;
				GCC_C_LANGUAGE_STANDARD = gnu17;
				GCC_NO_COMMON_BLOCKS = YES;
				GCC_WARN_64_TO_32_BIT_CONVERSION = YES;
				GCC_WARN_ABOUT_RETURN_TYPE = YES_ERROR;
				GCC_WARN_UNDECLARED_SELECTOR = YES;
				GCC_WARN_UNINITIALIZED_AUTOS = YES_AGGRESSIVE;
				GCC_WARN_UNUSED_FUNCTION = YES;
				GCC_WARN_UNUSED_VARIABLE = YES;
				IPHONEOS_DEPLOYMENT_TARGET = 17.5;
				LOCALIZATION_PREFERS_STRING_CATALOGS = YES;
				MTL_ENABLE_DEBUG_INFO = NO;
				MTL_FAST_MATH = YES;
				SDKROOT = iphoneos;
				SWIFT_COMPILATION_MODE = wholemodule;
				VALIDATE_PRODUCT = YES;
			};
			name = Release;
		};
		D80ECAF82D1327EA0035F49A /* Debug */ = {
			isa = XCBuildConfiguration;
			buildSettings = {
				ASSETCATALOG_COMPILER_APPICON_NAME = AppIcon;
				ASSETCATALOG_COMPILER_GLOBAL_ACCENT_COLOR_NAME = AccentColor;
				CODE_SIGN_STYLE = Automatic;
				CURRENT_PROJECT_VERSION = 1;
				DEVELOPMENT_ASSET_PATHS = "\"aoun3/Preview Content\"";
				ENABLE_PREVIEWS = YES;
				GENERATE_INFOPLIST_FILE = YES;
				INFOPLIST_KEY_UIApplicationSceneManifest_Generation = YES;
				INFOPLIST_KEY_UIApplicationSupportsIndirectInputEvents = YES;
				INFOPLIST_KEY_UILaunchScreen_Generation = YES;
				INFOPLIST_KEY_UISupportedInterfaceOrientations_iPad = "UIInterfaceOrientationPortrait UIInterfaceOrientationPortraitUpsideDown UIInterfaceOrientationLandscapeLeft UIInterfaceOrientationLandscapeRight";
				INFOPLIST_KEY_UISupportedInterfaceOrientations_iPhone = "UIInterfaceOrientationPortrait UIInterfaceOrientationLandscapeLeft UIInterfaceOrientationLandscapeRight";
				LD_RUNPATH_SEARCH_PATHS = (
					"$(inherited)",
					"@executable_path/Frameworks",
				);
				MARKETING_VERSION = 1.0;
				PRODUCT_BUNDLE_IDENTIFIER = r.aoun3;
				PRODUCT_NAME = "$(TARGET_NAME)";
				SWIFT_EMIT_LOC_STRINGS = YES;
				SWIFT_VERSION = 5.0;
				TARGETED_DEVICE_FAMILY = "1,2";
			};
			name = Debug;
		};
		D80ECAF92D1327EA0035F49A /* Release */ = {
			isa = XCBuildConfiguration;
			buildSettings = {
				ASSETCATALOG_COMPILER_APPICON_NAME = AppIcon;
				ASSETCATALOG_COMPILER_GLOBAL_ACCENT_COLOR_NAME = AccentColor;
				CODE_SIGN_STYLE = Automatic;
				CURRENT_PROJECT_VERSION = 1;
				DEVELOPMENT_ASSET_PATHS = "\"aoun3/Preview Content\"";
				ENABLE_PREVIEWS = YES;
				GENERATE_INFOPLIST_FILE = YES;
				INFOPLIST_KEY_UIApplicationSceneManifest_Generation = YES;
				INFOPLIST_KEY_UIApplicationSupportsIndirectInputEvents = YES;
				INFOPLIST_KEY_UILaunchScreen_Generation = YES;
				INFOPLIST_KEY_UISupportedInterfaceOrientations_iPad = "UIInterfaceOrientationPortrait UIInterfaceOrientationPortraitUpsideDown UIInterfaceOrientationLandscapeLeft UIInterfaceOrientationLandscapeRight";
				INFOPLIST_KEY_UISupportedInterfaceOrientations_iPhone = "UIInterfaceOrientationPortrait UIInterfaceOrientationLandscapeLeft UIInterfaceOrientationLandscapeRight";
				LD_RUNPATH_SEARCH_PATHS = (
					"$(inherited)",
					"@executable_path/Frameworks",
				);
				MARKETING_VERSION = 1.0;
				PRODUCT_BUNDLE_IDENTIFIER = r.aoun3;
				PRODUCT_NAME = "$(TARGET_NAME)";
				SWIFT_EMIT_LOC_STRINGS = YES;
				SWIFT_VERSION = 5.0;
				TARGETED_DEVICE_FAMILY = "1,2";
			};
			name = Release;
		};
		D80ECAFB2D1327EA0035F49A /* Debug */ = {
			isa = XCBuildConfiguration;
			buildSettings = {
				ALWAYS_EMBED_SWIFT_STANDARD_LIBRARIES = YES;
				BUNDLE_LOADER = "$(TEST_HOST)";
				CODE_SIGN_STYLE = Automatic;
				CURRENT_PROJECT_VERSION = 1;
				GENERATE_INFOPLIST_FILE = YES;
				IPHONEOS_DEPLOYMENT_TARGET = 17.5;
				MARKETING_VERSION = 1.0;
				PRODUCT_BUNDLE_IDENTIFIER = r.aoun3Tests;
				PRODUCT_NAME = "$(TARGET_NAME)";
				SWIFT_EMIT_LOC_STRINGS = NO;
				SWIFT_VERSION = 5.0;
				TARGETED_DEVICE_FAMILY = "1,2";
				TEST_HOST = "$(BUILT_PRODUCTS_DIR)/aoun3.app/$(BUNDLE_EXECUTABLE_FOLDER_PATH)/aoun3";
			};
			name = Debug;
		};
		D80ECAFC2D1327EA0035F49A /* Release */ = {
			isa = XCBuildConfiguration;
			buildSettings = {
				ALWAYS_EMBED_SWIFT_STANDARD_LIBRARIES = YES;
				BUNDLE_LOADER = "$(TEST_HOST)";
				CODE_SIGN_STYLE = Automatic;
				CURRENT_PROJECT_VERSION = 1;
				GENERATE_INFOPLIST_FILE = YES;
				IPHONEOS_DEPLOYMENT_TARGET = 17.5;
				MARKETING_VERSION = 1.0;
				PRODUCT_BUNDLE_IDENTIFIER = r.aoun3Tests;
				PRODUCT_NAME = "$(TARGET_NAME)";
				SWIFT_EMIT_LOC_STRINGS = NO;
				SWIFT_VERSION = 5.0;
				TARGETED_DEVICE_FAMILY = "1,2";
				TEST_HOST = "$(BUILT_PRODUCTS_DIR)/aoun3.app/$(BUNDLE_EXECUTABLE_FOLDER_PATH)/aoun3";
			};
			name = Release;
		};
		D80ECAFE2D1327EA0035F49A /* Debug */ = {
			isa = XCBuildConfiguration;
			buildSettings = {
				ALWAYS_EMBED_SWIFT_STANDARD_LIBRARIES = YES;
				CODE_SIGN_STYLE = Automatic;
				CURRENT_PROJECT_VERSION = 1;
				GENERATE_INFOPLIST_FILE = YES;
				MARKETING_VERSION = 1.0;
				PRODUCT_BUNDLE_IDENTIFIER = r.aoun3UITests;
				PRODUCT_NAME = "$(TARGET_NAME)";
				SWIFT_EMIT_LOC_STRINGS = NO;
				SWIFT_VERSION = 5.0;
				TARGETED_DEVICE_FAMILY = "1,2";
				TEST_TARGET_NAME = aoun3;
			};
			name = Debug;
		};
		D80ECAFF2D1327EA0035F49A /* Release */ = {
			isa = XCBuildConfiguration;
			buildSettings = {
				ALWAYS_EMBED_SWIFT_STANDARD_LIBRARIES = YES;
				CODE_SIGN_STYLE = Automatic;
				CURRENT_PROJECT_VERSION = 1;
				GENERATE_INFOPLIST_FILE = YES;
				MARKETING_VERSION = 1.0;
				PRODUCT_BUNDLE_IDENTIFIER = r.aoun3UITests;
				PRODUCT_NAME = "$(TARGET_NAME)";
				SWIFT_EMIT_LOC_STRINGS = NO;
				SWIFT_VERSION = 5.0;
				TARGETED_DEVICE_FAMILY = "1,2";
				TEST_TARGET_NAME = aoun3;
			};
			name = Release;
		};
/* End XCBuildConfiguration section */

/* Begin XCConfigurationList section */
		D80ECACE2D1327E90035F49A /* Build configuration list for PBXProject "aoun3" */ = {
			isa = XCConfigurationList;
			buildConfigurations = (
				D80ECAF52D1327EA0035F49A /* Debug */,
				D80ECAF62D1327EA0035F49A /* Release */,
			);
			defaultConfigurationIsVisible = 0;
			defaultConfigurationName = Release;
		};
		D80ECAF72D1327EA0035F49A /* Build configuration list for PBXNativeTarget "aoun3" */ = {
			isa = XCConfigurationList;
			buildConfigurations = (
				D80ECAF82D1327EA0035F49A /* Debug */,
				D80ECAF92D1327EA0035F49A /* Release */,
			);
			defaultConfigurationIsVisible = 0;
			defaultConfigurationName = Release;
		};
		D80ECAFA2D1327EA0035F49A /* Build configuration list for PBXNativeTarget "aoun3Tests" */ = {
			isa = XCConfigurationList;
			buildConfigurations = (
				D80ECAFB2D1327EA0035F49A /* Debug */,
				D80ECAFC2D1327EA0035F49A /* Release */,
			);
			defaultConfigurationIsVisible = 0;
			defaultConfigurationName = Release;
		};
		D80ECAFD2D1327EA0035F49A /* Build configuration list for PBXNativeTarget "aoun3UITests" */ = {
			isa = XCConfigurationList;
			buildConfigurations = (
				D80ECAFE2D1327EA0035F49A /* Debug */,
				D80ECAFF2D1327EA0035F49A /* Release */,
			);
			defaultConfigurationIsVisible = 0;
			defaultConfigurationName = Release;
		};
/* End XCConfigurationList section */
	};
	rootObject = D80ECACB2D1327E90035F49A /* Project object */;
}
